{
  "name": "smooth-scroll-anchor",
  "version": "1.2.5",
  "lockfileVersion": 1,
  "requires": true,
  "dependencies": {
    "@types/node": {
      "version": "10.12.20",
      "resolved": "https://registry.npmjs.org/@types/node/-/node-10.12.20.tgz",
      "integrity": "sha512-9spv6SklidqxevvZyOUGjZVz4QRXGu2dNaLyXIFzFYZW0AGDykzPRIUFJXTlQXyfzAucddwTcGtJNim8zqSOPA==",
      "dev": true
    },
    "@types/smoothscroll-polyfill": {
      "version": "0.3.0",
      "resolved": "https://registry.npmjs.org/@types/smoothscroll-polyfill/-/smoothscroll-polyfill-0.3.0.tgz",
      "integrity": "sha512-guyV/zDYicAGQQ2rjDAUhprJJz/Ef1Am+Z87EPEO5IJq7DNiVGprs5x+7gWepYyuH+jqauPsy7McHm+mAThwiA==",
      "dev": true
    },
    "smoothscroll-polyfill": {
      "version": "0.4.3",
      "resolved": "https://registry.npmjs.org/smoothscroll-polyfill/-/smoothscroll-polyfill-0.4.3.tgz",
      "integrity": "sha512-aUg0sY8XlWw9reC3VGlVdmC9W4K565alN4t8Cm50kULz53NB4GvsZbrinWPLqYqLolY60NBdqHDyh89MqDUc/Q=="
    },
    "typescript": {
      "version": "3.3.1",
      "resolved": "https://registry.npmjs.org/typescript/-/typescript-3.3.1.tgz",
      "integrity": "sha512-cTmIDFW7O0IHbn1DPYjkiebHxwtCMU+eTy30ZtJNBPF9j2O1ITu5XH2YnBeVRKWHqF+3JQwWJv0Q0aUgX8W7IA==",
      "dev": true
    }
  }
}
